
Microsoft Visual Studio Solution File, Format Version 12.00
# Visual Studio 15
VisualStudioVersion = 15.0.28307.779
MinimumVisualStudioVersion = 10.0.40219.1
Project("{FAE04EC0-301F-11D3-BF4B-00C04F79EFBC}") = "hk", "hk\hk.csproj", "{C3993D59-63A8-4C96-BF98-1BC17165E5A3}"
EndProject
Global
	GlobalSection(SolutionConfigurationPlatforms) = preSolution
		Debug|Any CPU = Debug|Any CPU
		Release|Any CPU = Release|Any CPU
	EndGlobalSection
	GlobalSection(ProjectConfigurationPlatforms) = postSolution
		{C3993D59-63A8-4C96-BF98-1BC17165E5A3}.Debug|Any CPU.ActiveCfg = Debug|Any CPU
		{C3993D59-63A8-4C96-BF98-1BC17165E5A3}.Debug|Any CPU.Build.0 = Debug|Any CPU
		{C3993D59-63A8-4C96-BF98-1BC17165E5A3}.Release|Any CPU.ActiveCfg = Release|Any CPU
		{C3993D59-63A8-4C96-BF98-1BC17165E5A3}.Release|Any CPU.Build.0 = Release|Any CPU
	EndGlobalSection
	GlobalSection(SolutionProperties) = preSolution
		HideSolutionNode = FALSE
	EndGlobalSection
	GlobalSection(ExtensibilityGlobals) = postSolution
		SolutionGuid = {6C070BD9-AEA4-4B90-8120-EC457898EF6A}
	EndGlobalSection
EndGlobal
